// !$*UTF8*$!
{
	archiveVersion = 1;
	classes = {
	};
	objectVersion = 46;
	objects = {

/* Begin PBXBuildFile section */
		86AF470B1E251DF200F971FB /* AppDelegate.swift in Sources */ = {isa = PBXBuildFile; fileRef = 86AF470A1E251DF200F971FB /* AppDelegate.swift */; };
		86AF470D1E251DF200F971FB /* ViewController.swift in Sources */ = {isa = PBXBuildFile; fileRef = 86AF470C1E251DF200F971FB /* ViewController.swift */; };
		86AF47101E251DF200F971FB /* Main.storyboard in Resources */ = {isa = PBXBuildFile; fileRef = 86AF470E1E251DF200F971FB /* Main.storyboard */; };
		86AF47121E251DF200F971FB /* Assets.xcassets in Resources */ = {isa = PBXBuildFile; fileRef = 86AF47111E251DF200F971FB /* Assets.xcassets */; };
		86AF47151E251DF200F971FB /* LaunchScreen.storyboard in Resources */ = {isa = PBXBuildFile; fileRef = 86AF47131E251DF200F971FB /* LaunchScreen.storyboard */; };
		86AF47201E251DF200F971FB /* DestroyTheWorldTests.swift in Sources */ = {isa = PBXBuildFile; fileRef = 86AF471F1E251DF200F971FB /* DestroyTheWorldTests.swift */; };
		86AF472B1E251DF200F971FB /* DestroyTheWorldUITests.swift in Sources */ = {isa = PBXBuildFile; fileRef = 86AF472A1E251DF200F971FB /* DestroyTheWorldUITests.swift */; };
/* End PBXBuildFile section */

/* Begin PBXContainerItemProxy section */
		86AF471C1E251DF200F971FB /* PBXContainerItemProxy */ = {
			isa = PBXContainerItemProxy;
			containerPortal = 86AF46FF1E251DF200F971FB /* Project object */;
			proxyType = 1;
			remoteGlobalIDString = 86AF47061E251DF200F971FB;
			remoteInfo = DestroyTheWorld;
		};
		86AF47271E251DF200F971FB /* PBXContainerItemProxy */ = {
			isa = PBXContainerItemProxy;
			containerPortal = 86AF46FF1E251DF200F971FB /* Project object */;
			proxyType = 1;
			remoteGlobalIDString = 86AF47061E251DF200F971FB;
			remoteInfo = DestroyTheWorld;
		};
/* End PBXContainerItemProxy section */

/* Begin PBXFileReference section */
		86AF47071E251DF200F971FB /* DestroyTheWorld.app */ = {isa = PBXFileReference; explicitFileType = wrapper.application; includeInIndex = 0; path = DestroyTheWorld.app; sourceTree = BUILT_PRODUCTS_DIR; };
		86AF470A1E251DF200F971FB /* AppDelegate.swift */ = {isa = PBXFileReference; lastKnownFileType = sourcecode.swift; path = AppDelegate.swift; sourceTree = "<group>"; };
		86AF470C1E251DF200F971FB /* ViewController.swift */ = {isa = PBXFileReference; lastKnownFileType = sourcecode.swift; path = ViewController.swift; sourceTree = "<group>"; };
		86AF470F1E251DF200F971FB /* Base */ = {isa = PBXFileReference; lastKnownFileType = file.storyboard; name = Base; path = Base.lproj/Main.storyboard; sourceTree = "<group>"; };
		86AF47111E251DF200F971FB /* Assets.xcassets */ = {isa = PBXFileReference; lastKnownFileType = folder.assetcatalog; path = Assets.xcassets; sourceTree = "<group>"; };
		86AF47141E251DF200F971FB /* Base */ = {isa = PBXFileReference; lastKnownFileType = file.storyboard; name = Base; path = Base.lproj/LaunchScreen.storyboard; sourceTree = "<group>"; };
		86AF47161E251DF200F971FB /* Info.plist */ = {isa = PBXFileReference; lastKnownFileType = text.plist.xml; path = Info.plist; sourceTree = "<group>"; };
		86AF471B1E251DF200F971FB /* DestroyTheWorldTests.xctest */ = {isa = PBXFileReference; explicitFileType = wrapper.cfbundle; includeInIndex = 0; path = DestroyTheWorldTests.xctest; sourceTree = BUILT_PRODUCTS_DIR; };
		86AF471F1E251DF200F971FB /* DestroyTheWorldTests.swift */ = {isa = PBXFileReference; lastKnownFileType = sourcecode.swift; path = DestroyTheWorldTests.swift; sourceTree = "<group>"; };
		86AF47211E251DF200F971FB /* Info.plist */ = {isa = PBXFileReference; lastKnownFileType = text.plist.xml; path = Info.plist; sourceTree = "<group>"; };
		86AF47261E251DF200F971FB /* DestroyTheWorldUITests.xctest */ = {isa = PBXFileReference; explicitFileType = wrapper.cfbundle; includeInIndex = 0; path = DestroyTheWorldUITests.xctest; sourceTree = BUILT_PRODUCTS_DIR; };
		86AF472A1E251DF200F971FB /* DestroyTheWorldUITests.swift */ = {isa = PBXFileReference; lastKnownFileType = sourcecode.swift; path = DestroyTheWorldUITests.swift; sourceTree = "<group>"; };
		86AF472C1E251DF200F971FB /* Info.plist */ = {isa = PBXFileReference; lastKnownFileType = text.plist.xml; path = Info.plist; sourceTree = "<group>"; };
/* End PBXFileReference section */

/* Begin PBXFrameworksBuildPhase section */
		86AF47041E251DF200F971FB /* Frameworks */ = {
			isa = PBXFrameworksBuildPhase;
			buildActionMask = 2147483647;
			files = (
			);
			runOnlyForDeploymentPostprocessing = 0;
		};
		86AF47181E251DF200F971FB /* Frameworks */ = {
			isa = PBXFrameworksBuildPhase;
			buildActionMask = 2147483647;
			files = (
			);
			runOnlyForDeploymentPostprocessing = 0;
		};
		86AF47231E251DF200F971FB /* Frameworks */ = {
			isa = PBXFrameworksBuildPhase;
			buildActionMask = 2147483647;
			files = (
			);
			runOnlyForDeploymentPostprocessing = 0;
		};
/* End PBXFrameworksBuildPhase section */

/* Begin PBXGroup section */
		86AF46FE1E251DF200F971FB = {
			isa = PBXGroup;
			children = (
				86AF47091E251DF200F971FB /* DestroyTheWorld */,
				86AF471E1E251DF200F971FB /* DestroyTheWorldTests */,
				86AF47291E251DF200F971FB /* DestroyTheWorldUITests */,
				86AF47081E251DF200F971FB /* Products */,
			);
			sourceTree = "<group>";
		};
		86AF47081E251DF200F971FB /* Products */ = {
			isa = PBXGroup;
			children = (
				86AF47071E251DF200F971FB /* DestroyTheWorld.app */,
				86AF471B1E251DF200F971FB /* DestroyTheWorldTests.xctest */,
				86AF47261E251DF200F971FB /* DestroyTheWorldUITests.xctest */,
			);
			name = Products;
			sourceTree = "<group>";
		};
		86AF47091E251DF200F971FB /* DestroyTheWorld */ = {
			isa = PBXGroup;
			children = (
				86AF470A1E251DF200F971FB /* AppDelegate.swift */,
				86AF470C1E251DF200F971FB /* ViewController.swift */,
				86AF470E1E251DF200F971FB /* Main.storyboard */,
				86AF47111E251DF200F971FB /* Assets.xcassets */,
				86AF47131E251DF200F971FB /* LaunchScreen.storyboard */,
				86AF47161E251DF200F971FB /* Info.plist */,
			);
			path = DestroyTheWorld;
			sourceTree = "<group>";
		};
		86AF471E1E251DF200F971FB /* DestroyTheWorldTests */ = {
			isa = PBXGroup;
			children = (
				86AF471F1E251DF200F971FB /* DestroyTheWorldTests.swift */,
				86AF47211E251DF200F971FB /* Info.plist */,
			);
			path = DestroyTheWorldTests;
			sourceTree = "<group>";
		};
		86AF47291E251DF200F971FB /* DestroyTheWorldUITests */ = {
			isa = PBXGroup;
			children = (
				86AF472A1E251DF200F971FB /* DestroyTheWorldUITests.swift */,
				86AF472C1E251DF200F971FB /* Info.plist */,
			);
			path = DestroyTheWorldUITests;
			sourceTree = "<group>";
		};
/* End PBXGroup section */

/* Begin PBXNativeTarget section */
		86AF47061E251DF200F971FB /* DestroyTheWorld */ = {
			isa = PBXNativeTarget;
			buildConfigurationList = 86AF472F1E251DF200F971FB /* Build configuration list for PBXNativeTarget "DestroyTheWorld" */;
			buildPhases = (
				86AF47031E251DF200F971FB /* Sources */,
				86AF47041E251DF200F971FB /* Frameworks */,
				86AF47051E251DF200F971FB /* Resources */,
			);
			buildRules = (
			);
			dependencies = (
			);
			name = DestroyTheWorld;
			productName = DestroyTheWorld;
			productReference = 86AF47071E251DF200F971FB /* DestroyTheWorld.app */;
			productType = "com.apple.product-type.application";
		};
		86AF471A1E251DF200F971FB /* DestroyTheWorldTests */ = {
			isa = PBXNativeTarget;
			buildConfigurationList = 86AF47321E251DF200F971FB /* Build configuration list for PBXNativeTarget "DestroyTheWorldTests" */;
			buildPhases = (
				86AF47171E251DF200F971FB /* Sources */,
				86AF47181E251DF200F971FB /* Frameworks */,
				86AF47191E251DF200F971FB /* Resources */,
			);
			buildRules = (
			);
			dependencies = (
				86AF471D1E251DF200F971FB /* PBXTargetDependency */,
			);
			name = DestroyTheWorldTests;
			productName = DestroyTheWorldTests;
			productReference = 86AF471B1E251DF200F971FB /* DestroyTheWorldTests.xctest */;
			productType = "com.apple.product-type.bundle.unit-test";
		};
		86AF47251E251DF200F971FB /* DestroyTheWorldUITests */ = {
			isa = PBXNativeTarget;
			buildConfigurationList = 86AF47351E251DF200F971FB /* Build configuration list for PBXNativeTarget "DestroyTheWorldUITests" */;
			buildPhases = (
				86AF47221E251DF200F971FB /* Sources */,
				86AF47231E251DF200F971FB /* Frameworks */,
				86AF47241E251DF200F971FB /* Resources */,
			);
			buildRules = (
			);
			dependencies = (
				86AF47281E251DF200F971FB /* PBXTargetDependency */,
			);
			name = DestroyTheWorldUITests;
			productName = DestroyTheWorldUITests;
			productReference = 86AF47261E251DF200F971FB /* DestroyTheWorldUITests.xctest */;
			productType = "com.apple.product-type.bundle.ui-testing";
		};
/* End PBXNativeTarget section */

/* Begin PBXProject section */
		86AF46FF1E251DF200F971FB /* Project object */ = {
			isa = PBXProject;
			attributes = {
				LastSwiftUpdateCheck = 0820;
				LastUpgradeCheck = 0820;
				ORGANIZATIONNAME = "Gavin le Roux";
				TargetAttributes = {
					86AF47061E251DF200F971FB = {
						CreatedOnToolsVersion = 8.2.1;
						ProvisioningStyle = Automatic;
					};
					86AF471A1E251DF200F971FB = {
						CreatedOnToolsVersion = 8.2.1;
						ProvisioningStyle = Automatic;
						TestTargetID = 86AF47061E251DF200F971FB;
					};
					86AF47251E251DF200F971FB = {
						CreatedOnToolsVersion = 8.2.1;
						ProvisioningStyle = Automatic;
						TestTargetID = 86AF47061E251DF200F971FB;
					};
				};
			};
			buildConfigurationList = 86AF47021E251DF200F971FB /* Build configuration list for PBXProject "DestroyTheWorld" */;
			compatibilityVersion = "Xcode 3.2";
			developmentRegion = English;
			hasScannedForEncodings = 0;
			knownRegions = (
				en,
				Base,
			);
			mainGroup = 86AF46FE1E251DF200F971FB;
			productRefGroup = 86AF47081E251DF200F971FB /* Products */;
			projectDirPath = "";
			projectRoot = "";
			targets = (
				86AF47061E251DF200F971FB /* DestroyTheWorld */,
				86AF471A1E251DF200F971FB /* DestroyTheWorldTests */,
				86AF47251E251DF200F971FB /* DestroyTheWorldUITests */,
			);
		};
/* End PBXProject section */

/* Begin PBXResourcesBuildPhase section */
		86AF47051E251DF200F971FB /* Resources */ = {
			isa = PBXResourcesBuildPhase;
			buildActionMask = 2147483647;
			files = (
				86AF47151E251DF200F971FB /* LaunchScreen.storyboard in Resources */,
				86AF47121E251DF200F971FB /* Assets.xcassets in Resources */,
				86AF47101E251DF200F971FB /* Main.storyboard in Resources */,
			);
			runOnlyForDeploymentPostprocessing = 0;
		};
		86AF47191E251DF200F971FB /* Resources */ = {
			isa = PBXResourcesBuildPhase;
			buildActionMask = 2147483647;
			files = (
			);
			runOnlyForDeploymentPostprocessing = 0;
		};
		86AF47241E251DF200F971FB /* Resources */ = {
			isa = PBXResourcesBuildPhase;
			buildActionMask = 2147483647;
			files = (
			);
			runOnlyForDeploymentPostprocessing = 0;
		};
/* End PBXResourcesBuildPhase section */

/* Begin PBXSourcesBuildPhase section */
		86AF47031E251DF200F971FB /* Sources */ = {
			isa = PBXSourcesBuildPhase;
			buildActionMask = 2147483647;
			files = (
				86AF470D1E251DF200F971FB /* ViewController.swift in Sources */,
				86AF470B1E251DF200F971FB /* AppDelegate.swift in Sources */,
			);
			runOnlyForDeploymentPostprocessing = 0;
		};
		86AF47171E251DF200F971FB /* Sources */ = {
			isa = PBXSourcesBuildPhase;
			buildActionMask = 2147483647;
			files = (
				86AF47201E251DF200F971FB /* DestroyTheWorldTests.swift in Sources */,
			);
			runOnlyForDeploymentPostprocessing = 0;
		};
		86AF47221E251DF200F971FB /* Sources */ = {
			isa = PBXSourcesBuildPhase;
			buildActionMask = 2147483647;
			files = (
				86AF472B1E251DF200F971FB /* DestroyTheWorldUITests.swift in Sources */,
			);
			runOnlyForDeploymentPostprocessing = 0;
		};
/* End PBXSourcesBuildPhase section */

/* Begin PBXTargetDependency section */
		86AF471D1E251DF200F971FB /* PBXTargetDependency */ = {
			isa = PBXTargetDependency;
			target = 86AF47061E251DF200F971FB /* DestroyTheWorld */;
			targetProxy = 86AF471C1E251DF200F971FB /* PBXContainerItemProxy */;
		};
		86AF47281E251DF200F971FB /* PBXTargetDependency */ = {
			isa = PBXTargetDependency;
			target = 86AF47061E251DF200F971FB /* DestroyTheWorld */;
			targetProxy = 86AF47271E251DF200F971FB /* PBXContainerItemProxy */;
		};
/* End PBXTargetDependency section */

/* Begin PBXVariantGroup section */
		86AF470E1E251DF200F971FB /* Main.storyboard */ = {
			isa = PBXVariantGroup;
			children = (
				86AF470F1E251DF200F971FB /* Base */,
			);
			name = Main.storyboard;
			sourceTree = "<group>";
		};
		86AF47131E251DF200F971FB /* LaunchScreen.storyboard */ = {
			isa = PBXVariantGroup;
			children = (
				86AF47141E251DF200F971FB /* Base */,
			);
			name = LaunchScreen.storyboard;
			sourceTree = "<group>";
		};
/* End PBXVariantGroup section */

/* Begin XCBuildConfiguration section */
		86AF472D1E251DF200F971FB /* Debug */ = {
			isa = XCBuildConfiguration;
			buildSettings = {
				ALWAYS_SEARCH_USER_PATHS = NO;
				CLANG_ANALYZER_NONNULL = YES;
				CLANG_CXX_LANGUAGE_STANDARD = "gnu++0x";
				CLANG_CXX_LIBRARY = "libc++";
				CLANG_ENABLE_MODULES = YES;
				CLANG_ENABLE_OBJC_ARC = YES;
				CLANG_WARN_BOOL_CONVERSION = YES;
				CLANG_WARN_CONSTANT_CONVERSION = YES;
				CLANG_WARN_DIRECT_OBJC_ISA_USAGE = YES_ERROR;
				CLANG_WARN_DOCUMENTATION_COMMENTS = YES;
				CLANG_WARN_EMPTY_BODY = YES;
				CLANG_WARN_ENUM_CONVERSION = YES;
				CLANG_WARN_INFINITE_RECURSION = YES;
				CLANG_WARN_INT_CONVERSION = YES;
				CLANG_WARN_OBJC_ROOT_CLASS = YES_ERROR;
				CLANG_WARN_SUSPICIOUS_MOVE = YES;
				CLANG_WARN_UNREACHABLE_CODE = YES;
				CLANG_WARN__DUPLICATE_METHOD_MATCH = YES;
				"CODE_SIGN_IDENTITY[sdk=iphoneos*]" = "iPhone Developer";
				COPY_PHASE_STRIP = NO;
				DEBUG_INFORMATION_FORMAT = dwarf;
				ENABLE_STRICT_OBJC_MSGSEND = YES;
				ENABLE_TESTABILITY = YES;
				GCC_C_LANGUAGE_STANDARD = gnu99;
				GCC_DYNAMIC_NO_PIC = NO;
				GCC_NO_COMMON_BLOCKS = YES;
				GCC_OPTIMIZATION_LEVEL = 0;
				GCC_PREPROCESSOR_DEFINITIONS = (
					"DEBUG=1",
					"$(inherited)",
				);
				GCC_WARN_64_TO_32_BIT_CONVERSION = YES;
				GCC_WARN_ABOUT_RETURN_TYPE = YES_ERROR;
				GCC_WARN_UNDECLARED_SELECTOR = YES;
				GCC_WARN_UNINITIALIZED_AUTOS = YES_AGGRESSIVE;
				GCC_WARN_UNUSED_FUNCTION = YES;
				GCC_WARN_UNUSED_VARIABLE = YES;
				IPHONEOS_DEPLOYMENT_TARGET = 10.2;
				MTL_ENABLE_DEBUG_INFO = YES;
				ONLY_ACTIVE_ARCH = YES;
				SDKROOT = iphoneos;
				SWIFT_ACTIVE_COMPILATION_CONDITIONS = DEBUG;
				SWIFT_OPTIMIZATION_LEVEL = "-Onone";
				TARGETED_DEVICE_FAMILY = "1,2";
			};
			name = Debug;
		};
		86AF472E1E251DF200F971FB /* Release */ = {
			isa = XCBuildConfiguration;
			buildSettings = {
				ALWAYS_SEARCH_USER_PATHS = NO;
				CLANG_ANALYZER_NONNULL = YES;
				CLANG_CXX_LANGUAGE_STANDARD = "gnu++0x";
				CLANG_CXX_LIBRARY = "libc++";
				CLANG_ENABLE_MODULES = YES;
				CLANG_ENABLE_OBJC_ARC = YES;
				CLANG_WARN_BOOL_CONVERSION = YES;
				CLANG_WARN_CONSTANT_CONVERSION = YES;
				CLANG_WARN_DIRECT_OBJC_ISA_USAGE = YES_ERROR;
				CLANG_WARN_DOCUMENTATION_COMMENTS = YES;
				CLANG_WARN_EMPTY_BODY = YES;
				CLANG_WARN_ENUM_CONVERSION = YES;
				CLANG_WARN_INFINITE_RECURSION = YES;
				CLANG_WARN_INT_CONVERSION = YES;
				CLANG_WARN_OBJC_ROOT_CLASS = YES_ERROR;
				CLANG_WARN_SUSPICIOUS_MOVE = YES;
				CLANG_WARN_UNREACHABLE_CODE = YES;
				CLANG_WARN__DUPLICATE_METHOD_MATCH = YES;
				"CODE_SIGN_IDENTITY[sdk=iphoneos*]" = "iPhone Developer";
				COPY_PHASE_STRIP = NO;
				DEBUG_INFORMATION_FORMAT = "dwarf-with-dsym";
				ENABLE_NS_ASSERTIONS = NO;
				ENABLE_STRICT_OBJC_MSGSEND = YES;
				GCC_C_LANGUAGE_STANDARD = gnu99;
				GCC_NO_COMMON_BLOCKS = YES;
				GCC_WARN_64_TO_32_BIT_CONVERSION = YES;
				GCC_WARN_ABOUT_RETURN_TYPE = YES_ERROR;
				GCC_WARN_UNDECLARED_SELECTOR = YES;
				GCC_WARN_UNINITIALIZED_AUTOS = YES_AGGRESSIVE;
				GCC_WARN_UNUSED_FUNCTION = YES;
				GCC_WARN_UNUSED_VARIABLE = YES;
				IPHONEOS_DEPLOYMENT_TARGET = 10.2;
				MTL_ENABLE_DEBUG_INFO = NO;
				SDKROOT = iphoneos;
				SWIFT_OPTIMIZATION_LEVEL = "-Owholemodule";
				TARGETED_DEVICE_FAMILY = "1,2";
				VALIDATE_PRODUCT = YES;
			};
			name = Release;
		};
		86AF47301E251DF200F971FB /* Debug */ = {
			isa = XCBuildConfiguration;
			buildSettings = {
				ASSETCATALOG_COMPILER_APPICON_NAME = AppIcon;
				INFOPLIST_FILE = DestroyTheWorld/Info.plist;
				LD_RUNPATH_SEARCH_PATHS = "$(inherited) @executable_path/Frameworks";
				PRODUCT_BUNDLE_IDENTIFIER = GavinleRoux.DestroyTheWorld;
				PRODUCT_NAME = "$(TARGET_NAME)";
				SWIFT_VERSION = 3.0;
			};
			name = Debug;
		};
		86AF47311E251DF200F971FB /* Release */ = {
			isa = XCBuildConfiguration;
			buildSettings = {
				ASSETCATALOG_COMPILER_APPICON_NAME = AppIcon;
				INFOPLIST_FILE = DestroyTheWorld/Info.plist;
				LD_RUNPATH_SEARCH_PATHS = "$(inherited) @executable_path/Frameworks";
				PRODUCT_BUNDLE_IDENTIFIER = GavinleRoux.DestroyTheWorld;
				PRODUCT_NAME = "$(TARGET_NAME)";
				SWIFT_VERSION = 3.0;
			};
			name = Release;
		};
		86AF47331E251DF200F971FB /* Debug */ = {
			isa = XCBuildConfiguration;
			buildSettings = {
				ALWAYS_EMBED_SWIFT_STANDARD_LIBRARIES = YES;
				BUNDLE_LOADER = "$(TEST_HOST)";
				INFOPLIST_FILE = DestroyTheWorldTests/Info.plist;
				LD_RUNPATH_SEARCH_PATHS = "$(inherited) @executable_path/Frameworks @loader_path/Frameworks";
				PRODUCT_BUNDLE_IDENTIFIER = GavinleRoux.DestroyTheWorldTests;
				PRODUCT_NAME = "$(TARGET_NAME)";
				SWIFT_VERSION = 3.0;
				TEST_HOST = "$(BUILT_PRODUCTS_DIR)/DestroyTheWorld.app/DestroyTheWorld";
			};
			name = Debug;
		};
		86AF47341E251DF200F971FB /* Release */ = {
			isa = XCBuildConfiguration;
			buildSettings = {
				ALWAYS_EMBED_SWIFT_STANDARD_LIBRARIES = YES;
				BUNDLE_LOADER = "$(TEST_HOST)";
				INFOPLIST_FILE = DestroyTheWorldTests/Info.plist;
				LD_RUNPATH_SEARCH_PATHS = "$(inherited) @executable_path/Frameworks @loader_path/Frameworks";
				PRODUCT_BUNDLE_IDENTIFIER = GavinleRoux.DestroyTheWorldTests;
				PRODUCT_NAME = "$(TARGET_NAME)";
				SWIFT_VERSION = 3.0;
				TEST_HOST = "$(BUILT_PRODUCTS_DIR)/DestroyTheWorld.app/DestroyTheWorld";
			};
			name = Release;
		};
		86AF47361E251DF200F971FB /* Debug */ = {
			isa = XCBuildConfiguration;
			buildSettings = {
				ALWAYS_EMBED_SWIFT_STANDARD_LIBRARIES = YES;
				INFOPLIST_FILE = DestroyTheWorldUITests/Info.plist;
				LD_RUNPATH_SEARCH_PATHS = "$(inherited) @executable_path/Frameworks @loader_path/Frameworks";
				PRODUCT_BUNDLE_IDENTIFIER = GavinleRoux.DestroyTheWorldUITests;
				PRODUCT_NAME = "$(TARGET_NAME)";
				SWIFT_VERSION = 3.0;
				TEST_TARGET_NAME = DestroyTheWorld;
			};
			name = Debug;
		};
		86AF47371E251DF200F971FB /* Release */ = {
			isa = XCBuildConfiguration;
			buildSettings = {
				ALWAYS_EMBED_SWIFT_STANDARD_LIBRARIES = YES;
				INFOPLIST_FILE = DestroyTheWorldUITests/Info.plist;
				LD_RUNPATH_SEARCH_PATHS = "$(inherited) @executable_path/Frameworks @loader_path/Frameworks";
				PRODUCT_BUNDLE_IDENTIFIER = GavinleRoux.DestroyTheWorldUITests;
				PRODUCT_NAME = "$(TARGET_NAME)";
				SWIFT_VERSION = 3.0;
				TEST_TARGET_NAME = DestroyTheWorld;
			};
			name = Release;
		};
/* End XCBuildConfiguration section */

/* Begin XCConfigurationList section */
		86AF47021E251DF200F971FB /* Build configuration list for PBXProject "DestroyTheWorld" */ = {
			isa = XCConfigurationList;
			buildConfigurations = (
				86AF472D1E251DF200F971FB /* Debug */,
				86AF472E1E251DF200F971FB /* Release */,
			);
			defaultConfigurationIsVisible = 0;
			defaultConfigurationName = Release;
		};
		86AF472F1E251DF200F971FB /* Build configuration list for PBXNativeTarget "DestroyTheWorld" */ = {
			isa = XCConfigurationList;
			buildConfigurations = (
				86AF47301E251DF200F971FB /* Debug */,
				86AF47311E251DF200F971FB /* Release */,
			);
			defaultConfigurationIsVisible = 0;
		};
		86AF47321E251DF200F971FB /* Build configuration list for PBXNativeTarget "DestroyTheWorldTests" */ = {
			isa = XCConfigurationList;
			buildConfigurations = (
				86AF47331E251DF200F971FB /* Debug */,
				86AF47341E251DF200F971FB /* Release */,
			);
			defaultConfigurationIsVisible = 0;
		};
		86AF47351E251DF200F971FB /* Build configuration list for PBXNativeTarget "DestroyTheWorldUITests" */ = {
			isa = XCConfigurationList;
			buildConfigurations = (
				86AF47361E251DF200F971FB /* Debug */,
				86AF47371E251DF200F971FB /* Release */,
			);
			defaultConfigurationIsVisible = 0;
		};
/* End XCConfigurationList section */
	};
	rootObject = 86AF46FF1E251DF200F971FB /* Project object */;
}
